
Microsoft Visual Studio Solution File, Format Version 12.00
# Visual Studio Version 16
VisualStudioVersion = 16.0.29009.5
MinimumVisualStudioVersion = 10.0.40219.1
Project("{FAE04EC0-301F-11D3-BF4B-00C04F79EFBC}") = "CrossStitchPatternMaker", "CrossStitchProject\CrossStitchPatternMaker.csproj", "{B3D65FC5-F383-440F-BA9D-9BAAF92A5666}"
EndProject
Global
	GlobalSection(SolutionConfigurationPlatforms) = preSolution
		Debug|Any CPU = Debug|Any CPU
		Release|Any CPU = Release|Any CPU
	EndGlobalSection
	GlobalSection(ProjectConfigurationPlatforms) = postSolution
		{B3D65FC5-F383-440F-BA9D-9BAAF92A5666}.Debug|Any CPU.ActiveCfg = Debug|Any CPU
		{B3D65FC5-F383-440F-BA9D-9BAAF92A5666}.Debug|Any CPU.Build.0 = Debug|Any CPU
		{B3D65FC5-F383-440F-BA9D-9BAAF92A5666}.Release|Any CPU.ActiveCfg = Release|Any CPU
		{B3D65FC5-F383-440F-BA9D-9BAAF92A5666}.Release|Any CPU.Build.0 = Release|Any CPU
	EndGlobalSection
	GlobalSection(SolutionProperties) = preSolution
		HideSolutionNode = FALSE
	EndGlobalSection
	GlobalSection(ExtensibilityGlobals) = postSolution
		SolutionGuid = {E2C57270-F24E-4858-940E-26567755119F}
	EndGlobalSection
EndGlobal
